{
    "_meta": {
        "hash": {
            "sha256": "5477dba152e1141e2b28f3a1b6ef8f455971057a5b3e0954fe8a2e31c1e52828"
        },
        "pipfile-spec": 6,
        "requires": {
            "python_version": "3.6"
        },
        "sources": [
            {
                "name": "pypi",
                "url": "https://pypi.python.org/simple",
                "verify_ssl": true
            }
        ]
    },
    "default": {
        "curio": {
            "hashes": [
                "sha256:db370ae50a924a7f72b4d023a51443a870f64daa26b2c713b45a38e08fcf216f"
            ],
            "version": "==0.8"
        },
        "httptools": {
            "hashes": [
                "sha256:f50dcb27178416c3a4113e9e1b392be5d1ff56ae1e474fe80869ed8530505e4c"
            ],
            "version": "==0.0.10"
        },
        "microstats": {
            "hashes": [
                "sha256:64b5033d56f62fef609e0e74448f07d9aba9984df270c89741590e39bb2005f5"
            ],
            "version": "==0.1.4"
        },
        "pycryptodome": {
            "hashes": [
                "sha256:03ed76c10948f8aff074fbeda8d49926ed58bdf45a0a99536d2c62caf21559f3",
                "sha256:07a5c3a0112681eaed56c179ab55dba1998c13a83a3eb3bbb715b4dafd181151",
                "sha256:1f76f89292c2825182c7b89b0ea8b6937b0c712a59e4f1502d438df2802077cc",
                "sha256:3942292ba9576e9609e3d68b82f16de8f1ab31346df9b9f146c32e23dd17e234",
                "sha256:78f67dee479cdebd87745bf9399f2a2b883eb43e09a54a5ca3889c445b3b975a",
                "sha256:966cabf5da7d1943a52d37df84f2885a2699b5bfe1203d9f12ba871aa965eabc",
                "sha256:bbec659a7997bfbc8a8dfbdb669edd31ec68f5c4bdd3b75744fe89b1285f46e0",
                "sha256:df1be662060cf3abdcf2086ebb401f750744106425ddebf74c57feab410e4923",
                "sha256:dfb3bf662c039cb4bae9fb1e8dcac57bc42db0a655375ad6e61f87ecc1c52b8a",
                "sha256:e225c388855b2b6b21ca9af7e995eb93fb560c6aeefc132181227515224433d4",
                "sha256:f9da6fa2364e261b5fb1cace99d1311990ac7c278a5227cd2e0ea46015f9ecd1"
            ],
            "version": "==3.4.6"
        },
        "pylru": {
            "hashes": [
                "sha256:71376192671f0ad1690b2a7427d39a29b1df994c8469a9b46b03ed7e28c0172c"
            ],
            "version": "==1.0.9"
        }
    },
    "develop": {}
}
